
Microsoft Visual Studio Solution File, Format Version 12.00
# Visual Studio Version 17
VisualStudioVersion = 17.0.32126.317
MinimumVisualStudioVersion = 10.0.40219.1
Project("{2150E333-8FDC-42A3-9474-1A3956D46DE8}") = "test", "test", "{C344A828-0C60-4C76-9462-635E0C0BB97C}"
EndProject
Project("{9A19103F-16F7-4668-BE54-9A1E7A4F7556}") = "Tests.Unit", "test\Tests.Unit\Tests.Unit.csproj", "{3194713B-4427-4892-8622-85E7487901D7}"
EndProject
Project("{2150E333-8FDC-42A3-9474-1A3956D46DE8}") = "src", "src", "{92A356E8-1DDB-4F4F-BDCA-4044F5F3C29B}"
EndProject
Project("{9A19103F-16F7-4668-BE54-9A1E7A4F7556}") = "Dotnet.Sonar.Sample.Api", "src\Dotnet.Sonar.Sample.Api\Dotnet.Sonar.Sample.Api.csproj", "{60469CD2-CC42-4D38-9631-986E5B3C6EAF}"
EndProject
Project("{9A19103F-16F7-4668-BE54-9A1E7A4F7556}") = "Tests.Integration", "test\Tests.Integration\Tests.Integration.csproj", "{D1717E1A-0E64-465A-98E0-6AC1F851C8CC}"
EndProject
Global
	GlobalSection(SolutionConfigurationPlatforms) = preSolution
		Debug|Any CPU = Debug|Any CPU
		Release|Any CPU = Release|Any CPU
	EndGlobalSection
	GlobalSection(ProjectConfigurationPlatforms) = postSolution
		{3194713B-4427-4892-8622-85E7487901D7}.Debug|Any CPU.ActiveCfg = Debug|Any CPU
		{3194713B-4427-4892-8622-85E7487901D7}.Debug|Any CPU.Build.0 = Debug|Any CPU
		{3194713B-4427-4892-8622-85E7487901D7}.Release|Any CPU.ActiveCfg = Release|Any CPU
		{3194713B-4427-4892-8622-85E7487901D7}.Release|Any CPU.Build.0 = Release|Any CPU
		{60469CD2-CC42-4D38-9631-986E5B3C6EAF}.Debug|Any CPU.ActiveCfg = Debug|Any CPU
		{60469CD2-CC42-4D38-9631-986E5B3C6EAF}.Debug|Any CPU.Build.0 = Debug|Any CPU
		{60469CD2-CC42-4D38-9631-986E5B3C6EAF}.Release|Any CPU.ActiveCfg = Release|Any CPU
		{60469CD2-CC42-4D38-9631-986E5B3C6EAF}.Release|Any CPU.Build.0 = Release|Any CPU
		{D1717E1A-0E64-465A-98E0-6AC1F851C8CC}.Debug|Any CPU.ActiveCfg = Debug|Any CPU
		{D1717E1A-0E64-465A-98E0-6AC1F851C8CC}.Debug|Any CPU.Build.0 = Debug|Any CPU
		{D1717E1A-0E64-465A-98E0-6AC1F851C8CC}.Release|Any CPU.ActiveCfg = Release|Any CPU
		{D1717E1A-0E64-465A-98E0-6AC1F851C8CC}.Release|Any CPU.Build.0 = Release|Any CPU
	EndGlobalSection
	GlobalSection(SolutionProperties) = preSolution
		HideSolutionNode = FALSE
	EndGlobalSection
	GlobalSection(NestedProjects) = preSolution
		{3194713B-4427-4892-8622-85E7487901D7} = {C344A828-0C60-4C76-9462-635E0C0BB97C}
		{60469CD2-CC42-4D38-9631-986E5B3C6EAF} = {92A356E8-1DDB-4F4F-BDCA-4044F5F3C29B}
		{D1717E1A-0E64-465A-98E0-6AC1F851C8CC} = {C344A828-0C60-4C76-9462-635E0C0BB97C}
	EndGlobalSection
	GlobalSection(ExtensibilityGlobals) = postSolution
		SolutionGuid = {AC8F84AA-D0D5-4B4B-B714-4C87C013E545}
	EndGlobalSection
EndGlobal
